{
    "_meta": {
        "hash": {
            "sha256": "9c57af9c0aaedbd11aa7c9103d1d1beffa909344296eeed9602d1a1e198ee0e8"
        },
        "pipfile-spec": 6,
        "requires": {
            "python_version": "3.8"
        },
        "sources": [
            {
                "name": "pypi",
                "url": "https://pypi.org/simple",
                "verify_ssl": true
            }
        ]
    },
    "default": {
        "aspose-cells": {
            "hashes": [
                "sha256:3e56ad75cf7b26cc54fd11ecc88fc1c145f7b8ca59b51f510cce9703c0875b23",
                "sha256:f0e536f221a8a42ae2a593dd10a2a3a7f848fd9a7d307e598fa79c24a80a3638"
            ],
            "index": "pypi",
            "version": "==20.2.0"
        },
        "jpype1": {
            "hashes": [
                "sha256:00c15d2cdc2430279df61ff7944b1a0427de6dbdca662885e598e19945d1d9dc",
                "sha256:08d839cac96952daadb93f59041e992afebd10813ee702106b468b99845b3d3c",
                "sha256:1a9d2fc7fb2d51d9674356acb3cf3f086e09efba639013db7b490af121e080be",
                "sha256:28a895be5cacb0828ab4168fde85f735fb7c424179727e65690a8ff878f692c4",
                "sha256:3aeb7b9b1060349ee5ee192f4bd15e95f9e6c8c5c8aa5b46ea8b806e62c024b4",
                "sha256:455f6e268804a05535803d6ddbfec9f3b9220f39de3342b46c1068a1c65879a6",
                "sha256:4c95d9bbdb811124724bcb164631735d60807e36d0277089802103c5f43485e8",
                "sha256:52476c93cd13b397a83f426acdb323478f071d0d09e02bb7725c89b99e59c83c",
                "sha256:6612111fa5a7b7afd9c05205c37965f4b7e37a532b05e733d3c25fe5d5903b3c",
                "sha256:73a072b76a4a1dd4ff3179e2ceabf4e70e3c379f446c48e5c35e3fec58b328ba",
                "sha256:77ea30f5c6c4965009e5e01a865ce947c53ab5e83f7fe5106652e32bb52df9ff",
                "sha256:788149cf330950f725f97a9794fbafc870845e330dde198fe20aec44109f22dc",
                "sha256:78ff3e6c25f53a7ebac4c9fb95c5d286b350d79dbf320e16d8739d16751a6610",
                "sha256:7bbd25453dc04704d77d854c80acb5537ecb18b9de8a5572e5f22649a2160aaf",
                "sha256:a0de28cf937fd3aa706dacdcf149337490e070fdd29aaacba30a76cba600e91d",
                "sha256:a9a2e408700d233985aad013bb85946554f9dfeda4a2e4bdb83a430309660c6e",
                "sha256:bb4c307425bc74dd5eebc629c8a88e6ab0eb95e33d6cb0dc59276f8541fa27e4",
                "sha256:e7c44d5dc98c6c60e5623b7040398477b16a39d0453d214aec25356ee22b7b9b",
                "sha256:fea536bac57453ccf70d2484795f247ec90face09b9ff6a39073e67c0bd8b882"
            ],
            "index": "pypi",
            "version": "==0.7.5"
        }
    },
    "develop": {}
}
